{
  "name": "OSD.SharePointHostedApp",
  "version": "1.0.0",
  "lockfileVersion": 1,
  "requires": true,
  "dependencies": {
    "@microsoft/microsoft-graph-types": {
      "version": "1.5.0",
      "resolved": "https://registry.npmjs.org/@microsoft/microsoft-graph-types/-/microsoft-graph-types-1.5.0.tgz",
      "integrity": "sha512-eit9LMlhHLyzCByATGL8d7izWNRVBlzrPMfXqy2a9qIVUUNIGxyqkGJNrpEh3EVDXW2r+/ASsBAqzHkm8zWJiQ=="
    },
    "@pnp/common": {
      "version": "1.2.5",
      "resolved": "https://registry.npmjs.org/@pnp/common/-/common-1.2.5.tgz",
      "integrity": "sha512-z6l9z8RWNyBZoHP2bY8+zVieCssBLMh5vRXTmDsVgg9elGdIOvfQzlZvA4KMg5iMvzDuYWgYuGS9YCOhpqhlyw==",
      "requires": {
        "adal-angular": "1.0.17",
        "tslib": "1.9.3"
      }
    },
    "@pnp/config-store": {
      "version": "1.2.5",
      "resolved": "https://registry.npmjs.org/@pnp/config-store/-/config-store-1.2.5.tgz",
      "integrity": "sha512-yYu/60DAYnOkUbyHgiLfYbaqi5VIKJ+N7JlLXR6rtky+aEF9YkpYGsq+hhMbkpwcB/SF2lQKj2ue0BZDLfuffg==",
      "requires": {
        "tslib": "1.9.3"
      }
    },
    "@pnp/graph": {
      "version": "1.2.5",
      "resolved": "https://registry.npmjs.org/@pnp/graph/-/graph-1.2.5.tgz",
      "integrity": "sha512-FJLXm0Ny3YUk7QrjUYp5YAbRDhVR8whpC7kD8IpUYbFiptZqPgiYzf2mAoGZyd7xfP4k+3CMk53YK5+FnhnuMg==",
      "requires": {
        "@microsoft/microsoft-graph-types": "1.5.0",
        "tslib": "1.9.3"
      }
    },
    "@pnp/logging": {
      "version": "1.2.5",
      "resolved": "https://registry.npmjs.org/@pnp/logging/-/logging-1.2.5.tgz",
      "integrity": "sha512-E1BIVxpJ/3UJQ5qj56hsnQsz7ZXW/qIAsh9nUpXEOSB7Q7tqdFr2QzAUkeWzHJDleg2ttUIvzHX/WtA4cDGJnw==",
      "requires": {
        "tslib": "1.9.3"
      }
    },
    "@pnp/odata": {
      "version": "1.2.5",
      "resolved": "https://registry.npmjs.org/@pnp/odata/-/odata-1.2.5.tgz",
      "integrity": "sha512-1cFV3lxWbzFv7kXmolh90mkYCizeVeiN7h6T4Jd482q5f1tXxt/Uqh2AGxIqH8qQoKV0BotKNEDEn2EX012RAg==",
      "requires": {
        "tslib": "1.9.3"
      }
    },
    "@pnp/pnpjs": {
      "version": "1.2.5",
      "resolved": "https://registry.npmjs.org/@pnp/pnpjs/-/pnpjs-1.2.5.tgz",
      "integrity": "sha512-Ld7dDp29Zo6mltKuMJYIKOgE39BETZWHN57TSq07sU6ewM+JEfWv3jXbPVOGyFKg/1yXjgtapVtM/IZIdjYSyg==",
      "requires": {
        "@pnp/common": "1.2.5",
        "@pnp/config-store": "1.2.5",
        "@pnp/graph": "1.2.5",
        "@pnp/logging": "1.2.5",
        "@pnp/odata": "1.2.5",
        "@pnp/sp": "1.2.5",
        "@pnp/sp-addinhelpers": "1.2.5",
        "tslib": "1.9.3"
      }
    },
    "@pnp/sp": {
      "version": "1.2.5",
      "resolved": "https://registry.npmjs.org/@pnp/sp/-/sp-1.2.5.tgz",
      "integrity": "sha512-+SY8nzUTgTtYtRRQXjS4TCiZWUII4tL4TuQv6vbleRz6XBJgwRRsNpiVhlyH5ERmOG5wOlJZDDoxZ0FUj8ClVA==",
      "requires": {
        "tslib": "1.9.3"
      }
    },
    "@pnp/sp-addinhelpers": {
      "version": "1.2.5",
      "resolved": "https://registry.npmjs.org/@pnp/sp-addinhelpers/-/sp-addinhelpers-1.2.5.tgz",
      "integrity": "sha512-oKbdALwrK/MaXUl1ZAXTU5Bou53sp+N3XrQxk3W30NGkm0ib5J80bBg7ArxUt5MiA1LBzIdiUulqys1oo3YYDA==",
      "requires": {
        "@types/sharepoint": "2016.1.2",
        "tslib": "1.9.3"
      },
      "dependencies": {
        "@types/sharepoint": {
          "version": "2016.1.2",
          "resolved": "https://registry.npmjs.org/@types/sharepoint/-/sharepoint-2016.1.2.tgz",
          "integrity": "sha512-bGpRxTZ5Cu7f4iYtmqADY2Z8i3OmPlct0wzx/EMPJ2E0m8xfA+XkFiXrjbC3hZQQn7N1aA7a7llnJl+zOc9qwQ==",
          "requires": {
            "@types/microsoft-ajax": "*"
          }
        }
      }
    },
    "@types/chai": {
      "version": "4.1.7",
      "resolved": "https://registry.npmjs.org/@types/chai/-/chai-4.1.7.tgz",
      "integrity": "sha512-2Y8uPt0/jwjhQ6EiluT0XCri1Dbplr0ZxfFXUz+ye13gaqE8u5gL5ppao1JrUYr9cIip5S6MvQzBS7Kke7U9VA==",
      "dev": true
    },
    "@types/microsoft-ajax": {
      "version": "0.0.33",
      "resolved": "https://registry.npmjs.org/@types/microsoft-ajax/-/microsoft-ajax-0.0.33.tgz",
      "integrity": "sha512-R31YIw2FUZsx62yzH1LX9+SV0xCxRn+r6FpYhaEKHAms+3zozMYZZvsJO+I3za+wlE/z03PrePGgCO1rxv7dUg=="
    },
    "@types/sharepoint": {
      "version": "2013.1.6",
      "resolved": "https://registry.npmjs.org/@types/sharepoint/-/sharepoint-2013.1.6.tgz",
      "integrity": "sha1-uWZbAKSwHwSb4NS5pJbVCS8t5CA=",
      "dev": true,
      "requires": {
        "@types/microsoft-ajax": "*"
      }
    },
    "adal-angular": {
      "version": "1.0.17",
      "resolved": "https://registry.npmjs.org/adal-angular/-/adal-angular-1.0.17.tgz",
      "integrity": "sha1-bpNuDkH5HTsqiOf/ypwvb29WLMQ="
    },
    "assertion-error": {
      "version": "1.1.0",
      "resolved": "https://registry.npmjs.org/assertion-error/-/assertion-error-1.1.0.tgz",
      "integrity": "sha512-jgsaNduz+ndvGyFt3uSuWqvy4lCnIJiovtouQN5JZHOKCS2QuhEdbcQHFhVksz2N2U9hXJo8odG7ETyWlEeuDw=="
    },
    "chai": {
      "version": "4.2.0",
      "resolved": "https://registry.npmjs.org/chai/-/chai-4.2.0.tgz",
      "integrity": "sha512-XQU3bhBukrOsQCuwZndwGcCVQHyZi53fQ6Ys1Fym7E4olpIqqZZhhoFJoaKVvV17lWQoXYwgWN2nF5crA8J2jw==",
      "requires": {
        "assertion-error": "^1.1.0",
        "check-error": "^1.0.2",
        "deep-eql": "^3.0.1",
        "get-func-name": "^2.0.0",
        "pathval": "^1.1.0",
        "type-detect": "^4.0.5"
      }
    },
    "check-error": {
      "version": "1.0.2",
      "resolved": "https://registry.npmjs.org/check-error/-/check-error-1.0.2.tgz",
      "integrity": "sha1-V00xLt2Iu13YkS6Sht1sCu1KrII="
    },
    "deep-eql": {
      "version": "3.0.1",
      "resolved": "https://registry.npmjs.org/deep-eql/-/deep-eql-3.0.1.tgz",
      "integrity": "sha512-+QeIQyN5ZuO+3Uk5DYh6/1eKO0m0YmJFGNmFHGACpf1ClL1nmlV/p4gNgbl2pJGxgXb4faqo6UE+M5ACEMyVcw==",
      "requires": {
        "type-detect": "^4.0.0"
      }
    },
    "get-func-name": {
      "version": "2.0.0",
      "resolved": "https://registry.npmjs.org/get-func-name/-/get-func-name-2.0.0.tgz",
      "integrity": "sha1-6td0q+5y4gQJQzoGY2YCPdaIekE="
    },
    "jquery": {
      "version": "3.3.1",
      "resolved": "https://registry.npmjs.org/jquery/-/jquery-3.3.1.tgz",
      "integrity": "sha512-Ubldcmxp5np52/ENotGxlLe6aGMvmF4R8S6tZjsP6Knsaxd/xp3Zrh50cG93lR6nPXyUFwzN3ZSOQI0wRJNdGg=="
    },
    "pathval": {
      "version": "1.1.0",
      "resolved": "https://registry.npmjs.org/pathval/-/pathval-1.1.0.tgz",
      "integrity": "sha1-uULm1L3mUwBe9rcTYd74cn0GReA="
    },
    "tslib": {
      "version": "1.9.3",
      "resolved": "https://registry.npmjs.org/tslib/-/tslib-1.9.3.tgz",
      "integrity": "sha512-4krF8scpejhaOgqzBEcGM7yDIEfi0/8+8zDRZhNZZ2kjmHJ4hv3zCbQWxoJGz1iw5U0Jl0nma13xzHXcncMavQ=="
    },
    "type-detect": {
      "version": "4.0.8",
      "resolved": "https://registry.npmjs.org/type-detect/-/type-detect-4.0.8.tgz",
      "integrity": "sha512-0fr/mIH1dlO+x7TlcMy+bIDqKPsw/70tVyeHW787goQjhmqaZe10uwLujubK9q9Lg6Fiho1KUKDYz0Z7k7g5/g=="
    },
    "typescript": {
      "version": "3.1.6",
      "resolved": "https://registry.npmjs.org/typescript/-/typescript-3.1.6.tgz",
      "integrity": "sha512-tDMYfVtvpb96msS1lDX9MEdHrW4yOuZ4Kdc4Him9oU796XldPYF/t2+uKoX0BBa0hXXwDlqYQbXY5Rzjzc5hBA==",
      "dev": true
    }
  }
}
